// !$*UTF8*$!
{
	archiveVersion = 1;
	classes = {
	};
	objectVersion = 50;
	objects = {

/* Begin PBXBuildFile section */
		57135CC9FD1F5D9CF61DFF2E /* Pods_MapKitPractice.framework in Frameworks */ = {isa = PBXBuildFile; fileRef = 68503A90CB290D8BB3DB8EB5 /* Pods_MapKitPractice.framework */; };
		7F4B831922F6E9FC00F1CEC6 /* AppDelegate.swift in Sources */ = {isa = PBXBuildFile; fileRef = 7F4B831822F6E9FC00F1CEC6 /* AppDelegate.swift */; };
		7F4B831B22F6E9FC00F1CEC6 /* ViewController.swift in Sources */ = {isa = PBXBuildFile; fileRef = 7F4B831A22F6E9FC00F1CEC6 /* ViewController.swift */; };
		7F4B831E22F6E9FC00F1CEC6 /* Main.storyboard in Resources */ = {isa = PBXBuildFile; fileRef = 7F4B831C22F6E9FC00F1CEC6 /* Main.storyboard */; };
		7F4B832022F6E9FE00F1CEC6 /* Assets.xcassets in Resources */ = {isa = PBXBuildFile; fileRef = 7F4B831F22F6E9FE00F1CEC6 /* Assets.xcassets */; };
		7F4B832322F6E9FE00F1CEC6 /* LaunchScreen.storyboard in Resources */ = {isa = PBXBuildFile; fileRef = 7F4B832122F6E9FE00F1CEC6 /* LaunchScreen.storyboard */; };
		7F4B832C22F881C300F1CEC6 /* Config.plist in Resources */ = {isa = PBXBuildFile; fileRef = 7F4B832B22F881C300F1CEC6 /* Config.plist */; };
		7F4B832E22F8845100F1CEC6 /* nearby.graphql in Resources */ = {isa = PBXBuildFile; fileRef = 7F4B832D22F8845100F1CEC6 /* nearby.graphql */; };
		7F4B833022F8899200F1CEC6 /* API.swift in Sources */ = {isa = PBXBuildFile; fileRef = 7F4B832F22F8899200F1CEC6 /* API.swift */; };
		7F4B833622F947A600F1CEC6 /* Util.swift in Sources */ = {isa = PBXBuildFile; fileRef = 7F4B833522F947A600F1CEC6 /* Util.swift */; };
/* End PBXBuildFile section */

/* Begin PBXFileReference section */
		68503A90CB290D8BB3DB8EB5 /* Pods_MapKitPractice.framework */ = {isa = PBXFileReference; explicitFileType = wrapper.framework; includeInIndex = 0; path = Pods_MapKitPractice.framework; sourceTree = BUILT_PRODUCTS_DIR; };
		7F4B831522F6E9FC00F1CEC6 /* MapKitPractice.app */ = {isa = PBXFileReference; explicitFileType = wrapper.application; includeInIndex = 0; path = MapKitPractice.app; sourceTree = BUILT_PRODUCTS_DIR; };
		7F4B831822F6E9FC00F1CEC6 /* AppDelegate.swift */ = {isa = PBXFileReference; lastKnownFileType = sourcecode.swift; path = AppDelegate.swift; sourceTree = "<group>"; };
		7F4B831A22F6E9FC00F1CEC6 /* ViewController.swift */ = {isa = PBXFileReference; lastKnownFileType = sourcecode.swift; path = ViewController.swift; sourceTree = "<group>"; };
		7F4B831D22F6E9FC00F1CEC6 /* Base */ = {isa = PBXFileReference; lastKnownFileType = file.storyboard; name = Base; path = Base.lproj/Main.storyboard; sourceTree = "<group>"; };
		7F4B831F22F6E9FE00F1CEC6 /* Assets.xcassets */ = {isa = PBXFileReference; lastKnownFileType = folder.assetcatalog; path = Assets.xcassets; sourceTree = "<group>"; };
		7F4B832222F6E9FE00F1CEC6 /* Base */ = {isa = PBXFileReference; lastKnownFileType = file.storyboard; name = Base; path = Base.lproj/LaunchScreen.storyboard; sourceTree = "<group>"; };
		7F4B832422F6E9FE00F1CEC6 /* Info.plist */ = {isa = PBXFileReference; lastKnownFileType = text.plist.xml; path = Info.plist; sourceTree = "<group>"; };
		7F4B832B22F881C300F1CEC6 /* Config.plist */ = {isa = PBXFileReference; lastKnownFileType = text.plist.xml; path = Config.plist; sourceTree = "<group>"; };
		7F4B832D22F8845100F1CEC6 /* nearby.graphql */ = {isa = PBXFileReference; lastKnownFileType = text; path = nearby.graphql; sourceTree = "<group>"; };
		7F4B832F22F8899200F1CEC6 /* API.swift */ = {isa = PBXFileReference; fileEncoding = 4; lastKnownFileType = sourcecode.swift; path = API.swift; sourceTree = "<group>"; };
		7F4B833522F947A600F1CEC6 /* Util.swift */ = {isa = PBXFileReference; lastKnownFileType = sourcecode.swift; path = Util.swift; sourceTree = "<group>"; };
		CBBFD5554EE2404A9C2A4581 /* Pods-MapKitPractice.release.xcconfig */ = {isa = PBXFileReference; includeInIndex = 1; lastKnownFileType = text.xcconfig; name = "Pods-MapKitPractice.release.xcconfig"; path = "Pods/Target Support Files/Pods-MapKitPractice/Pods-MapKitPractice.release.xcconfig"; sourceTree = "<group>"; };
		FEAAAE606371A3403718CC57 /* Pods-MapKitPractice.debug.xcconfig */ = {isa = PBXFileReference; includeInIndex = 1; lastKnownFileType = text.xcconfig; name = "Pods-MapKitPractice.debug.xcconfig"; path = "Pods/Target Support Files/Pods-MapKitPractice/Pods-MapKitPractice.debug.xcconfig"; sourceTree = "<group>"; };
/* End PBXFileReference section */

/* Begin PBXFrameworksBuildPhase section */
		7F4B831222F6E9FC00F1CEC6 /* Frameworks */ = {
			isa = PBXFrameworksBuildPhase;
			buildActionMask = 2147483647;
			files = (
				57135CC9FD1F5D9CF61DFF2E /* Pods_MapKitPractice.framework in Frameworks */,
			);
			runOnlyForDeploymentPostprocessing = 0;
		};
/* End PBXFrameworksBuildPhase section */

/* Begin PBXGroup section */
		381D03562EA1439AB2BBEE82 /* Frameworks */ = {
			isa = PBXGroup;
			children = (
				68503A90CB290D8BB3DB8EB5 /* Pods_MapKitPractice.framework */,
			);
			name = Frameworks;
			sourceTree = "<group>";
		};
		69F211334E4D2C2C7572E7C6 /* Pods */ = {
			isa = PBXGroup;
			children = (
				FEAAAE606371A3403718CC57 /* Pods-MapKitPractice.debug.xcconfig */,
				CBBFD5554EE2404A9C2A4581 /* Pods-MapKitPractice.release.xcconfig */,
			);
			name = Pods;
			sourceTree = "<group>";
		};
		7F4B830C22F6E9FC00F1CEC6 = {
			isa = PBXGroup;
			children = (
				7F4B831722F6E9FC00F1CEC6 /* MapKitPractice */,
				7F4B831622F6E9FC00F1CEC6 /* Products */,
				69F211334E4D2C2C7572E7C6 /* Pods */,
				381D03562EA1439AB2BBEE82 /* Frameworks */,
			);
			sourceTree = "<group>";
		};
		7F4B831622F6E9FC00F1CEC6 /* Products */ = {
			isa = PBXGroup;
			children = (
				7F4B831522F6E9FC00F1CEC6 /* MapKitPractice.app */,
			);
			name = Products;
			sourceTree = "<group>";
		};
		7F4B831722F6E9FC00F1CEC6 /* MapKitPractice */ = {
			isa = PBXGroup;
			children = (
				7F4B831822F6E9FC00F1CEC6 /* AppDelegate.swift */,
				7F4B831A22F6E9FC00F1CEC6 /* ViewController.swift */,
				7F4B833522F947A600F1CEC6 /* Util.swift */,
				7F4B831C22F6E9FC00F1CEC6 /* Main.storyboard */,
				7F4B832D22F8845100F1CEC6 /* nearby.graphql */,
				7F4B832F22F8899200F1CEC6 /* API.swift */,
				7F4B831F22F6E9FE00F1CEC6 /* Assets.xcassets */,
				7F4B832122F6E9FE00F1CEC6 /* LaunchScreen.storyboard */,
				7F4B832422F6E9FE00F1CEC6 /* Info.plist */,
				7F4B832B22F881C300F1CEC6 /* Config.plist */,
			);
			path = MapKitPractice;
			sourceTree = "<group>";
		};
/* End PBXGroup section */

/* Begin PBXNativeTarget section */
		7F4B831422F6E9FC00F1CEC6 /* MapKitPractice */ = {
			isa = PBXNativeTarget;
			buildConfigurationList = 7F4B832722F6E9FE00F1CEC6 /* Build configuration list for PBXNativeTarget "MapKitPractice" */;
			buildPhases = (
				73F27E7E5FEBCB6A3FF705C7 /* [CP] Check Pods Manifest.lock */,
				7F4B832A22F755A400F1CEC6 /* Generate Apollo GraphQL API */,
				7F4B831122F6E9FC00F1CEC6 /* Sources */,
				7F4B831222F6E9FC00F1CEC6 /* Frameworks */,
				7F4B831322F6E9FC00F1CEC6 /* Resources */,
				561AEB36EAEF0592F53DD391 /* [CP] Embed Pods Frameworks */,
			);
			buildRules = (
			);
			dependencies = (
			);
			name = MapKitPractice;
			productName = MapKitPractice;
			productReference = 7F4B831522F6E9FC00F1CEC6 /* MapKitPractice.app */;
			productType = "com.apple.product-type.application";
		};
/* End PBXNativeTarget section */

/* Begin PBXProject section */
		7F4B830D22F6E9FC00F1CEC6 /* Project object */ = {
			isa = PBXProject;
			attributes = {
				LastSwiftUpdateCheck = 1010;
				LastUpgradeCheck = 1010;
				ORGANIZATIONNAME = "Aries Yang";
				TargetAttributes = {
					7F4B831422F6E9FC00F1CEC6 = {
						CreatedOnToolsVersion = 10.1;
					};
				};
			};
			buildConfigurationList = 7F4B831022F6E9FC00F1CEC6 /* Build configuration list for PBXProject "MapKitPractice" */;
			compatibilityVersion = "Xcode 9.3";
			developmentRegion = en;
			hasScannedForEncodings = 0;
			knownRegions = (
				en,
				Base,
			);
			mainGroup = 7F4B830C22F6E9FC00F1CEC6;
			productRefGroup = 7F4B831622F6E9FC00F1CEC6 /* Products */;
			projectDirPath = "";
			projectRoot = "";
			targets = (
				7F4B831422F6E9FC00F1CEC6 /* MapKitPractice */,
			);
		};
/* End PBXProject section */

/* Begin PBXResourcesBuildPhase section */
		7F4B831322F6E9FC00F1CEC6 /* Resources */ = {
			isa = PBXResourcesBuildPhase;
			buildActionMask = 2147483647;
			files = (
				7F4B832C22F881C300F1CEC6 /* Config.plist in Resources */,
				7F4B832E22F8845100F1CEC6 /* nearby.graphql in Resources */,
				7F4B832322F6E9FE00F1CEC6 /* LaunchScreen.storyboard in Resources */,
				7F4B832022F6E9FE00F1CEC6 /* Assets.xcassets in Resources */,
				7F4B831E22F6E9FC00F1CEC6 /* Main.storyboard in Resources */,
			);
			runOnlyForDeploymentPostprocessing = 0;
		};
/* End PBXResourcesBuildPhase section */

/* Begin PBXShellScriptBuildPhase section */
		561AEB36EAEF0592F53DD391 /* [CP] Embed Pods Frameworks */ = {
			isa = PBXShellScriptBuildPhase;
			buildActionMask = 2147483647;
			files = (
			);
			inputFileListPaths = (
			);
			inputPaths = (
				"${SRCROOT}/Pods/Target Support Files/Pods-MapKitPractice/Pods-MapKitPractice-frameworks.sh",
				"${BUILT_PRODUCTS_DIR}/Apollo/Apollo.framework",
			);
			name = "[CP] Embed Pods Frameworks";
			outputFileListPaths = (
			);
			outputPaths = (
				"${TARGET_BUILD_DIR}/${FRAMEWORKS_FOLDER_PATH}/Apollo.framework",
			);
			runOnlyForDeploymentPostprocessing = 0;
			shellPath = /bin/sh;
			shellScript = "\"${SRCROOT}/Pods/Target Support Files/Pods-MapKitPractice/Pods-MapKitPractice-frameworks.sh\"\n";
			showEnvVarsInLog = 0;
		};
		73F27E7E5FEBCB6A3FF705C7 /* [CP] Check Pods Manifest.lock */ = {
			isa = PBXShellScriptBuildPhase;
			buildActionMask = 2147483647;
			files = (
			);
			inputFileListPaths = (
			);
			inputPaths = (
				"${PODS_PODFILE_DIR_PATH}/Podfile.lock",
				"${PODS_ROOT}/Manifest.lock",
			);
			name = "[CP] Check Pods Manifest.lock";
			outputFileListPaths = (
			);
			outputPaths = (
				"$(DERIVED_FILE_DIR)/Pods-MapKitPractice-checkManifestLockResult.txt",
			);
			runOnlyForDeploymentPostprocessing = 0;
			shellPath = /bin/sh;
			shellScript = "diff \"${PODS_PODFILE_DIR_PATH}/Podfile.lock\" \"${PODS_ROOT}/Manifest.lock\" > /dev/null\nif [ $? != 0 ] ; then\n    # print error to STDERR\n    echo \"error: The sandbox is not in sync with the Podfile.lock. Run 'pod install' or update your CocoaPods installation.\" >&2\n    exit 1\nfi\n# This output is used by Xcode 'outputs' to avoid re-running this script phase.\necho \"SUCCESS\" > \"${SCRIPT_OUTPUT_FILE_0}\"\n";
			showEnvVarsInLog = 0;
		};
		7F4B832A22F755A400F1CEC6 /* Generate Apollo GraphQL API */ = {
			isa = PBXShellScriptBuildPhase;
			buildActionMask = 2147483647;
			files = (
			);
			inputFileListPaths = (
			);
			inputPaths = (
			);
			name = "Generate Apollo GraphQL API";
			outputFileListPaths = (
			);
			outputPaths = (
			);
			runOnlyForDeploymentPostprocessing = 0;
			shellPath = /bin/sh;
			shellScript = "# Type a script or drag a script file from your workspace to insert its path.\n\n# Do some magic so we can make sure `FRAMEWORK_SEARCH_PATHS` works correctly when there's a space in the scheme or the folder name.\nQUOTED_FRAMEWORK_SEARCH_PATHS=\\\"$(echo $FRAMEWORK_SEARCH_PATHS | tr -d '\"' | sed -e 's/ \\//\" \"\\//g')\\\"\n\n# Get the first result searching for the framework\nAPOLLO_FRAMEWORK_PATH=\"$(eval find ${QUOTED_FRAMEWORK_SEARCH_PATHS} -name \"Apollo.framework\" -maxdepth 1 -print | head -n 1)\"\n\nif [ -z \"${APOLLO_FRAMEWORK_PATH}\" ]; then\necho \"error: Couldn't find Apollo.framework in FRAMEWORK_SEARCH_PATHS; make sure to add the framework to your project.\"\nexit 1\nfi\n\ncd \"${SRCROOT}/${TARGET_NAME}\"\n\"${APOLLO_FRAMEWORK_PATH}\"/check-and-run-apollo-cli.sh codegen:generate --queries=\"$(find . -name '*.graphql')\" --schema=schema.json API.swift\n";
		};
/* End PBXShellScriptBuildPhase section */

/* Begin PBXSourcesBuildPhase section */
		7F4B831122F6E9FC00F1CEC6 /* Sources */ = {
			isa = PBXSourcesBuildPhase;
			buildActionMask = 2147483647;
			files = (
				7F4B831B22F6E9FC00F1CEC6 /* ViewController.swift in Sources */,
				7F4B833022F8899200F1CEC6 /* API.swift in Sources */,
				7F4B831922F6E9FC00F1CEC6 /* AppDelegate.swift in Sources */,
				7F4B833622F947A600F1CEC6 /* Util.swift in Sources */,
			);
			runOnlyForDeploymentPostprocessing = 0;
		};
/* End PBXSourcesBuildPhase section */

/* Begin PBXVariantGroup section */
		7F4B831C22F6E9FC00F1CEC6 /* Main.storyboard */ = {
			isa = PBXVariantGroup;
			children = (
				7F4B831D22F6E9FC00F1CEC6 /* Base */,
			);
			name = Main.storyboard;
			sourceTree = "<group>";
		};
		7F4B832122F6E9FE00F1CEC6 /* LaunchScreen.storyboard */ = {
			isa = PBXVariantGroup;
			children = (
				7F4B832222F6E9FE00F1CEC6 /* Base */,
			);
			name = LaunchScreen.storyboard;
			sourceTree = "<group>";
		};
/* End PBXVariantGroup section */

/* Begin XCBuildConfiguration section */
		7F4B832522F6E9FE00F1CEC6 /* Debug */ = {
			isa = XCBuildConfiguration;
			buildSettings = {
				ALWAYS_SEARCH_USER_PATHS = NO;
				CLANG_ANALYZER_NONNULL = YES;
				CLANG_ANALYZER_NUMBER_OBJECT_CONVERSION = YES_AGGRESSIVE;
				CLANG_CXX_LANGUAGE_STANDARD = "gnu++14";
				CLANG_CXX_LIBRARY = "libc++";
				CLANG_ENABLE_MODULES = YES;
				CLANG_ENABLE_OBJC_ARC = YES;
				CLANG_ENABLE_OBJC_WEAK = YES;
				CLANG_WARN_BLOCK_CAPTURE_AUTORELEASING = YES;
				CLANG_WARN_BOOL_CONVERSION = YES;
				CLANG_WARN_COMMA = YES;
				CLANG_WARN_CONSTANT_CONVERSION = YES;
				CLANG_WARN_DEPRECATED_OBJC_IMPLEMENTATIONS = YES;
				CLANG_WARN_DIRECT_OBJC_ISA_USAGE = YES_ERROR;
				CLANG_WARN_DOCUMENTATION_COMMENTS = YES;
				CLANG_WARN_EMPTY_BODY = YES;
				CLANG_WARN_ENUM_CONVERSION = YES;
				CLANG_WARN_INFINITE_RECURSION = YES;
				CLANG_WARN_INT_CONVERSION = YES;
				CLANG_WARN_NON_LITERAL_NULL_CONVERSION = YES;
				CLANG_WARN_OBJC_IMPLICIT_RETAIN_SELF = YES;
				CLANG_WARN_OBJC_LITERAL_CONVERSION = YES;
				CLANG_WARN_OBJC_ROOT_CLASS = YES_ERROR;
				CLANG_WARN_RANGE_LOOP_ANALYSIS = YES;
				CLANG_WARN_STRICT_PROTOTYPES = YES;
				CLANG_WARN_SUSPICIOUS_MOVE = YES;
				CLANG_WARN_UNGUARDED_AVAILABILITY = YES_AGGRESSIVE;
				CLANG_WARN_UNREACHABLE_CODE = YES;
				CLANG_WARN__DUPLICATE_METHOD_MATCH = YES;
				CODE_SIGN_IDENTITY = "iPhone Developer";
				COPY_PHASE_STRIP = NO;
				DEBUG_INFORMATION_FORMAT = dwarf;
				ENABLE_STRICT_OBJC_MSGSEND = YES;
				ENABLE_TESTABILITY = YES;
				GCC_C_LANGUAGE_STANDARD = gnu11;
				GCC_DYNAMIC_NO_PIC = NO;
				GCC_NO_COMMON_BLOCKS = YES;
				GCC_OPTIMIZATION_LEVEL = 0;
				GCC_PREPROCESSOR_DEFINITIONS = (
					"DEBUG=1",
					"$(inherited)",
				);
				GCC_WARN_64_TO_32_BIT_CONVERSION = YES;
				GCC_WARN_ABOUT_RETURN_TYPE = YES_ERROR;
				GCC_WARN_UNDECLARED_SELECTOR = YES;
				GCC_WARN_UNINITIALIZED_AUTOS = YES_AGGRESSIVE;
				GCC_WARN_UNUSED_FUNCTION = YES;
				GCC_WARN_UNUSED_VARIABLE = YES;
				IPHONEOS_DEPLOYMENT_TARGET = 12.1;
				MTL_ENABLE_DEBUG_INFO = INCLUDE_SOURCE;
				MTL_FAST_MATH = YES;
				ONLY_ACTIVE_ARCH = YES;
				SDKROOT = iphoneos;
				SWIFT_ACTIVE_COMPILATION_CONDITIONS = DEBUG;
				SWIFT_OPTIMIZATION_LEVEL = "-Onone";
			};
			name = Debug;
		};
		7F4B832622F6E9FE00F1CEC6 /* Release */ = {
			isa = XCBuildConfiguration;
			buildSettings = {
				ALWAYS_SEARCH_USER_PATHS = NO;
				CLANG_ANALYZER_NONNULL = YES;
				CLANG_ANALYZER_NUMBER_OBJECT_CONVERSION = YES_AGGRESSIVE;
				CLANG_CXX_LANGUAGE_STANDARD = "gnu++14";
				CLANG_CXX_LIBRARY = "libc++";
				CLANG_ENABLE_MODULES = YES;
				CLANG_ENABLE_OBJC_ARC = YES;
				CLANG_ENABLE_OBJC_WEAK = YES;
				CLANG_WARN_BLOCK_CAPTURE_AUTORELEASING = YES;
				CLANG_WARN_BOOL_CONVERSION = YES;
				CLANG_WARN_COMMA = YES;
				CLANG_WARN_CONSTANT_CONVERSION = YES;
				CLANG_WARN_DEPRECATED_OBJC_IMPLEMENTATIONS = YES;
				CLANG_WARN_DIRECT_OBJC_ISA_USAGE = YES_ERROR;
				CLANG_WARN_DOCUMENTATION_COMMENTS = YES;
				CLANG_WARN_EMPTY_BODY = YES;
				CLANG_WARN_ENUM_CONVERSION = YES;
				CLANG_WARN_INFINITE_RECURSION = YES;
				CLANG_WARN_INT_CONVERSION = YES;
				CLANG_WARN_NON_LITERAL_NULL_CONVERSION = YES;
				CLANG_WARN_OBJC_IMPLICIT_RETAIN_SELF = YES;
				CLANG_WARN_OBJC_LITERAL_CONVERSION = YES;
				CLANG_WARN_OBJC_ROOT_CLASS = YES_ERROR;
				CLANG_WARN_RANGE_LOOP_ANALYSIS = YES;
				CLANG_WARN_STRICT_PROTOTYPES = YES;
				CLANG_WARN_SUSPICIOUS_MOVE = YES;
				CLANG_WARN_UNGUARDED_AVAILABILITY = YES_AGGRESSIVE;
				CLANG_WARN_UNREACHABLE_CODE = YES;
				CLANG_WARN__DUPLICATE_METHOD_MATCH = YES;
				CODE_SIGN_IDENTITY = "iPhone Developer";
				COPY_PHASE_STRIP = NO;
				DEBUG_INFORMATION_FORMAT = "dwarf-with-dsym";
				ENABLE_NS_ASSERTIONS = NO;
				ENABLE_STRICT_OBJC_MSGSEND = YES;
				GCC_C_LANGUAGE_STANDARD = gnu11;
				GCC_NO_COMMON_BLOCKS = YES;
				GCC_WARN_64_TO_32_BIT_CONVERSION = YES;
				GCC_WARN_ABOUT_RETURN_TYPE = YES_ERROR;
				GCC_WARN_UNDECLARED_SELECTOR = YES;
				GCC_WARN_UNINITIALIZED_AUTOS = YES_AGGRESSIVE;
				GCC_WARN_UNUSED_FUNCTION = YES;
				GCC_WARN_UNUSED_VARIABLE = YES;
				IPHONEOS_DEPLOYMENT_TARGET = 12.1;
				MTL_ENABLE_DEBUG_INFO = NO;
				MTL_FAST_MATH = YES;
				SDKROOT = iphoneos;
				SWIFT_COMPILATION_MODE = wholemodule;
				SWIFT_OPTIMIZATION_LEVEL = "-O";
				VALIDATE_PRODUCT = YES;
			};
			name = Release;
		};
		7F4B832822F6E9FE00F1CEC6 /* Debug */ = {
			isa = XCBuildConfiguration;
			baseConfigurationReference = FEAAAE606371A3403718CC57 /* Pods-MapKitPractice.debug.xcconfig */;
			buildSettings = {
				ASSETCATALOG_COMPILER_APPICON_NAME = AppIcon;
				CODE_SIGN_STYLE = Automatic;
				DEVELOPMENT_TEAM = 3VX9S93JFQ;
				INFOPLIST_FILE = MapKitPractice/Info.plist;
				IPHONEOS_DEPLOYMENT_TARGET = 12.0;
				LD_RUNPATH_SEARCH_PATHS = (
					"$(inherited)",
					"@executable_path/Frameworks",
				);
				PRODUCT_BUNDLE_IDENTIFIER = com.aysoft.MapKitPractice;
				PRODUCT_NAME = "$(TARGET_NAME)";
				SWIFT_VERSION = 4.2;
				TARGETED_DEVICE_FAMILY = "1,2";
			};
			name = Debug;
		};
		7F4B832922F6E9FE00F1CEC6 /* Release */ = {
			isa = XCBuildConfiguration;
			baseConfigurationReference = CBBFD5554EE2404A9C2A4581 /* Pods-MapKitPractice.release.xcconfig */;
			buildSettings = {
				ASSETCATALOG_COMPILER_APPICON_NAME = AppIcon;
				CODE_SIGN_STYLE = Automatic;
				DEVELOPMENT_TEAM = 3VX9S93JFQ;
				INFOPLIST_FILE = MapKitPractice/Info.plist;
				IPHONEOS_DEPLOYMENT_TARGET = 12.0;
				LD_RUNPATH_SEARCH_PATHS = (
					"$(inherited)",
					"@executable_path/Frameworks",
				);
				PRODUCT_BUNDLE_IDENTIFIER = com.aysoft.MapKitPractice;
				PRODUCT_NAME = "$(TARGET_NAME)";
				SWIFT_VERSION = 4.2;
				TARGETED_DEVICE_FAMILY = "1,2";
			};
			name = Release;
		};
/* End XCBuildConfiguration section */

/* Begin XCConfigurationList section */
		7F4B831022F6E9FC00F1CEC6 /* Build configuration list for PBXProject "MapKitPractice" */ = {
			isa = XCConfigurationList;
			buildConfigurations = (
				7F4B832522F6E9FE00F1CEC6 /* Debug */,
				7F4B832622F6E9FE00F1CEC6 /* Release */,
			);
			defaultConfigurationIsVisible = 0;
			defaultConfigurationName = Release;
		};
		7F4B832722F6E9FE00F1CEC6 /* Build configuration list for PBXNativeTarget "MapKitPractice" */ = {
			isa = XCConfigurationList;
			buildConfigurations = (
				7F4B832822F6E9FE00F1CEC6 /* Debug */,
				7F4B832922F6E9FE00F1CEC6 /* Release */,
			);
			defaultConfigurationIsVisible = 0;
			defaultConfigurationName = Release;
		};
/* End XCConfigurationList section */
	};
	rootObject = 7F4B830D22F6E9FC00F1CEC6 /* Project object */;
}
